<Solution>
  <Project Path="FrmGetUser/GetNameGUIApp.csproj" Id="160aed5f-82ed-440f-a601-27e3009ef4bf" />
  <Project Path="FrmHighscores/HighscoresGUIApp.csproj" Id="c55df03b-504b-4938-bd34-e60c0500fa6b" />
  <Project Path="MinesweeperClassLibrary.Tests/MinesweeperClassLibrary.Tests.csproj" />
  <Project Path="MinesweeperClassLibrary/MinesweeperClassLibrary.csproj" />
  <Project Path="MinesweeperConsoleApp/MinesweeperConsoleApp.csproj" />
  <Project Path="MinesweeperGUIApp/MinesweeperGUIApp.csproj" Id="eef23529-9b12-4344-8c86-d2f6440d0c17" />
  <Project Path="StartNewGameGUI/StartNewGameGUI.csproj" Id="260beb96-91a6-416e-b7b5-a6f3e7f184dd" />
</Solution>
